{
  "version": "4",
  "specifiers": {
    "jsr:@earthstar/meadowcap@~0.6.4": "0.6.4",
    "jsr:@earthstar/willow-utils@2": "2.0.1",
    "jsr:@korkje/fifo@~0.2.4": "0.2.4",
    "jsr:@muni-town-temp/earthstar@11.0.0-beta.7.patched.1": "11.0.0-beta.7.patched.1",
    "jsr:@muni-town-temp/willow@~0.6.1-patched.1": "0.6.1-patched.1",
    "jsr:@noble/ed25519@^2.1.0": "2.1.0",
    "jsr:@std/assert@0.224": "0.224.0",
    "jsr:@std/assert@0.226": "0.226.0",
    "jsr:@std/bytes@0.224": "0.224.0",
    "jsr:@std/crypto@0.224": "0.224.0",
    "jsr:@std/data-structures@0.224": "0.224.1",
    "jsr:@std/encoding@0.224": "0.224.3",
    "jsr:@std/encoding@~0.224.1": "0.224.3",
    "jsr:@std/fs@~0.229.1": "0.229.3",
    "jsr:@std/path@1.0.0-rc.1": "1.0.0-rc.1",
    "jsr:@std/path@~0.225.1": "0.225.2",
    "npm:@noble/curves@^1.4.0": "1.7.0",
    "npm:hash-wasm@^4.11.0": "4.12.0",
    "npm:itty-router@*": "5.0.18"
  },
  "jsr": {
    "@earthstar/meadowcap@0.6.4": {
      "integrity": "6697a074d9402269fd699ec51a1f5d62e8b5dee7197cb1713ad99cdc60afa638",
      "dependencies": [
        "jsr:@earthstar/willow-utils",
        "jsr:@std/bytes"
      ]
    },
    "@earthstar/willow-utils@2.0.1": {
      "integrity": "7d426c47ec8101f6f6786efd69b8ab4a1fc877514d3d0a00cbfdf6384a4c6248",
      "dependencies": [
        "jsr:@std/bytes"
      ]
    },
    "@korkje/fifo@0.2.4": {
      "integrity": "cd8ff3edf686dcfd0b26d4774705d6a080312afb666d93f3a90d3fc808df41ba"
    },
    "@muni-town-temp/earthstar@11.0.0-beta.7.patched.1": {
      "integrity": "c3b8115e0c1c2953b3fae9a85e47bbd5112cd11d331f7d27a4ab474d11098cd3",
      "dependencies": [
        "jsr:@earthstar/meadowcap",
        "jsr:@earthstar/willow-utils",
        "jsr:@muni-town-temp/willow",
        "jsr:@noble/ed25519",
        "jsr:@std/bytes",
        "jsr:@std/crypto",
        "jsr:@std/encoding@~0.224.1",
        "jsr:@std/fs",
        "jsr:@std/path@~0.225.1",
        "npm:@noble/curves",
        "npm:hash-wasm"
      ]
    },
    "@muni-town-temp/willow@0.6.1-patched.1": {
      "integrity": "6ca0c0ea8c0c0c3c0f7480757977aba70b890699a37ae3a556ffa8e0a3496bd3",
      "dependencies": [
        "jsr:@earthstar/willow-utils",
        "jsr:@korkje/fifo",
        "jsr:@std/bytes",
        "jsr:@std/data-structures",
        "jsr:@std/encoding@~0.224.1",
        "jsr:@std/fs",
        "jsr:@std/path@~0.225.1"
      ]
    },
    "@noble/ed25519@2.1.0": {
      "integrity": "59a6ad395a37a0d065f6a2771e56fe52ea4bd9070c77bdaca5c475f5184412cc"
    },
    "@std/assert@0.224.0": {
      "integrity": "8643233ec7aec38a940a8264a6e3eed9bfa44e7a71cc6b3c8874213ff401967f"
    },
    "@std/assert@0.226.0": {
      "integrity": "0dfb5f7c7723c18cec118e080fec76ce15b4c31154b15ad2bd74822603ef75b3"
    },
    "@std/bytes@0.224.0": {
      "integrity": "a2250e1d0eb7d1c5a426f21267ab9bdeac2447fa87a3d0d1a467d3f7a6058e49"
    },
    "@std/crypto@0.224.0": {
      "integrity": "154ef3ff08ef535562ef1a718718c5b2c5fc3808f0f9100daad69e829bfcdf2d",
      "dependencies": [
        "jsr:@std/assert@0.224",
        "jsr:@std/encoding@0.224"
      ]
    },
    "@std/data-structures@0.224.1": {
      "integrity": "266365f90014e5c52bccf1eadd65f7782a2af2c84e4052ef8316698a3572cac3"
    },
    "@std/encoding@0.224.3": {
      "integrity": "5e861b6d81be5359fad4155e591acf17c0207b595112d1840998bb9f476dbdaf"
    },
    "@std/fs@0.229.3": {
      "integrity": "783bca21f24da92e04c3893c9e79653227ab016c48e96b3078377ebd5222e6eb",
      "dependencies": [
        "jsr:@std/path@1.0.0-rc.1"
      ]
    },
    "@std/path@0.225.2": {
      "integrity": "0f2db41d36b50ef048dcb0399aac720a5348638dd3cb5bf80685bf2a745aa506",
      "dependencies": [
        "jsr:@std/assert@0.226"
      ]
    },
    "@std/path@1.0.0-rc.1": {
      "integrity": "b8c00ae2f19106a6bb7cbf1ab9be52aa70de1605daeb2dbdc4f87a7cbaf10ff6"
    }
  },
  "npm": {
    "@noble/curves@1.7.0": {
      "integrity": "sha512-UTMhXK9SeDhFJVrHeUJ5uZlI6ajXg10O6Ddocf9S6GjbSBVZsJo88HzKwXznNfGpMTRDyJkqMjNDPYgf0qFWnw==",
      "dependencies": [
        "@noble/hashes"
      ]
    },
    "@noble/hashes@1.6.0": {
      "integrity": "sha512-YUULf0Uk4/mAA89w+k3+yUYh6NrEvxZa5T6SY3wlMvE2chHkxFUUIDI8/XW1QSC357iA5pSnqt7XEhvFOqmDyQ=="
    },
    "hash-wasm@4.12.0": {
      "integrity": "sha512-+/2B2rYLb48I/evdOIhP+K/DD2ca2fgBjp6O+GBEnCDk2e4rpeXIK8GvIyRPjTezgmWn9gmKwkQjjx6BtqDHVQ=="
    },
    "itty-router@5.0.18": {
      "integrity": "sha512-mK3ReOt4ARAGy0V0J7uHmArG2USN2x0zprZ+u+YgmeRjXTDbaowDy3kPcsmQY6tH+uHhDgpWit9Vqmv/4rTXwA=="
    }
  },
  "workspace": {
    "dependencies": [
      "jsr:@muni-town-temp/earthstar@11.0.0-beta.7.patched.1",
      "jsr:@std/assert@1",
      "jsr:@std/encoding@1",
      "npm:itty-router@*"
    ]
  }
}
